// !$*UTF8*$!
{
	archiveVersion = 1;
	classes = {
	};
	objectVersion = 50;
	objects = {

/* Begin PBXBuildFile section */
		4D6966B42134A1F80081D54F /* AppDelegate.swift in Sources */ = {isa = PBXBuildFile; fileRef = 4D6966B32134A1F80081D54F /* AppDelegate.swift */; };
		4D6966B62134A1F80081D54F /* ViewController.swift in Sources */ = {isa = PBXBuildFile; fileRef = 4D6966B52134A1F80081D54F /* ViewController.swift */; };
		4D6966B92134A1F80081D54F /* Main.storyboard in Resources */ = {isa = PBXBuildFile; fileRef = 4D6966B72134A1F80081D54F /* Main.storyboard */; };
		4D6966BB2134A1F90081D54F /* Assets.xcassets in Resources */ = {isa = PBXBuildFile; fileRef = 4D6966BA2134A1F90081D54F /* Assets.xcassets */; };
		4D6966BE2134A1F90081D54F /* LaunchScreen.storyboard in Resources */ = {isa = PBXBuildFile; fileRef = 4D6966BC2134A1F90081D54F /* LaunchScreen.storyboard */; };
		4D6966C92134A1FA0081D54F /* LocoSet2Tests.swift in Sources */ = {isa = PBXBuildFile; fileRef = 4D6966C82134A1FA0081D54F /* LocoSet2Tests.swift */; };
		4D6966D42134A1FA0081D54F /* LocoSet2UITests.swift in Sources */ = {isa = PBXBuildFile; fileRef = 4D6966D32134A1FA0081D54F /* LocoSet2UITests.swift */; };
/* End PBXBuildFile section */

/* Begin PBXContainerItemProxy section */
		4D6966C52134A1FA0081D54F /* PBXContainerItemProxy */ = {
			isa = PBXContainerItemProxy;
			containerPortal = 4D6966A82134A1F80081D54F /* Project object */;
			proxyType = 1;
			remoteGlobalIDString = 4D6966AF2134A1F80081D54F;
			remoteInfo = LocoSet2;
		};
		4D6966D02134A1FA0081D54F /* PBXContainerItemProxy */ = {
			isa = PBXContainerItemProxy;
			containerPortal = 4D6966A82134A1F80081D54F /* Project object */;
			proxyType = 1;
			remoteGlobalIDString = 4D6966AF2134A1F80081D54F;
			remoteInfo = LocoSet2;
		};
/* End PBXContainerItemProxy section */

/* Begin PBXFileReference section */
		4D6966B02134A1F80081D54F /* LocoSet2.app */ = {isa = PBXFileReference; explicitFileType = wrapper.application; includeInIndex = 0; path = LocoSet2.app; sourceTree = BUILT_PRODUCTS_DIR; };
		4D6966B32134A1F80081D54F /* AppDelegate.swift */ = {isa = PBXFileReference; lastKnownFileType = sourcecode.swift; path = AppDelegate.swift; sourceTree = "<group>"; };
		4D6966B52134A1F80081D54F /* ViewController.swift */ = {isa = PBXFileReference; lastKnownFileType = sourcecode.swift; path = ViewController.swift; sourceTree = "<group>"; };
		4D6966B82134A1F80081D54F /* Base */ = {isa = PBXFileReference; lastKnownFileType = file.storyboard; name = Base; path = Base.lproj/Main.storyboard; sourceTree = "<group>"; };
		4D6966BA2134A1F90081D54F /* Assets.xcassets */ = {isa = PBXFileReference; lastKnownFileType = folder.assetcatalog; path = Assets.xcassets; sourceTree = "<group>"; };
		4D6966BD2134A1F90081D54F /* Base */ = {isa = PBXFileReference; lastKnownFileType = file.storyboard; name = Base; path = Base.lproj/LaunchScreen.storyboard; sourceTree = "<group>"; };
		4D6966BF2134A1F90081D54F /* Info.plist */ = {isa = PBXFileReference; lastKnownFileType = text.plist.xml; path = Info.plist; sourceTree = "<group>"; };
		4D6966C42134A1FA0081D54F /* LocoSet2Tests.xctest */ = {isa = PBXFileReference; explicitFileType = wrapper.cfbundle; includeInIndex = 0; path = LocoSet2Tests.xctest; sourceTree = BUILT_PRODUCTS_DIR; };
		4D6966C82134A1FA0081D54F /* LocoSet2Tests.swift */ = {isa = PBXFileReference; lastKnownFileType = sourcecode.swift; path = LocoSet2Tests.swift; sourceTree = "<group>"; };
		4D6966CA2134A1FA0081D54F /* Info.plist */ = {isa = PBXFileReference; lastKnownFileType = text.plist.xml; path = Info.plist; sourceTree = "<group>"; };
		4D6966CF2134A1FA0081D54F /* LocoSet2UITests.xctest */ = {isa = PBXFileReference; explicitFileType = wrapper.cfbundle; includeInIndex = 0; path = LocoSet2UITests.xctest; sourceTree = BUILT_PRODUCTS_DIR; };
		4D6966D32134A1FA0081D54F /* LocoSet2UITests.swift */ = {isa = PBXFileReference; lastKnownFileType = sourcecode.swift; path = LocoSet2UITests.swift; sourceTree = "<group>"; };
		4D6966D52134A1FA0081D54F /* Info.plist */ = {isa = PBXFileReference; lastKnownFileType = text.plist.xml; path = Info.plist; sourceTree = "<group>"; };
/* End PBXFileReference section */

/* Begin PBXFrameworksBuildPhase section */
		4D6966AD2134A1F80081D54F /* Frameworks */ = {
			isa = PBXFrameworksBuildPhase;
			buildActionMask = 2147483647;
			files = (
			);
			runOnlyForDeploymentPostprocessing = 0;
		};
		4D6966C12134A1FA0081D54F /* Frameworks */ = {
			isa = PBXFrameworksBuildPhase;
			buildActionMask = 2147483647;
			files = (
			);
			runOnlyForDeploymentPostprocessing = 0;
		};
		4D6966CC2134A1FA0081D54F /* Frameworks */ = {
			isa = PBXFrameworksBuildPhase;
			buildActionMask = 2147483647;
			files = (
			);
			runOnlyForDeploymentPostprocessing = 0;
		};
/* End PBXFrameworksBuildPhase section */

/* Begin PBXGroup section */
		4D6966A72134A1F80081D54F = {
			isa = PBXGroup;
			children = (
				4D6966B22134A1F80081D54F /* LocoSet2 */,
				4D6966C72134A1FA0081D54F /* LocoSet2Tests */,
				4D6966D22134A1FA0081D54F /* LocoSet2UITests */,
				4D6966B12134A1F80081D54F /* Products */,
			);
			sourceTree = "<group>";
		};
		4D6966B12134A1F80081D54F /* Products */ = {
			isa = PBXGroup;
			children = (
				4D6966B02134A1F80081D54F /* LocoSet2.app */,
				4D6966C42134A1FA0081D54F /* LocoSet2Tests.xctest */,
				4D6966CF2134A1FA0081D54F /* LocoSet2UITests.xctest */,
			);
			name = Products;
			sourceTree = "<group>";
		};
		4D6966B22134A1F80081D54F /* LocoSet2 */ = {
			isa = PBXGroup;
			children = (
				4D6966B32134A1F80081D54F /* AppDelegate.swift */,
				4D6966B52134A1F80081D54F /* ViewController.swift */,
				4D6966B72134A1F80081D54F /* Main.storyboard */,
				4D6966BA2134A1F90081D54F /* Assets.xcassets */,
				4D6966BC2134A1F90081D54F /* LaunchScreen.storyboard */,
				4D6966BF2134A1F90081D54F /* Info.plist */,
			);
			path = LocoSet2;
			sourceTree = "<group>";
		};
		4D6966C72134A1FA0081D54F /* LocoSet2Tests */ = {
			isa = PBXGroup;
			children = (
				4D6966C82134A1FA0081D54F /* LocoSet2Tests.swift */,
				4D6966CA2134A1FA0081D54F /* Info.plist */,
			);
			path = LocoSet2Tests;
			sourceTree = "<group>";
		};
		4D6966D22134A1FA0081D54F /* LocoSet2UITests */ = {
			isa = PBXGroup;
			children = (
				4D6966D32134A1FA0081D54F /* LocoSet2UITests.swift */,
				4D6966D52134A1FA0081D54F /* Info.plist */,
			);
			path = LocoSet2UITests;
			sourceTree = "<group>";
		};
/* End PBXGroup section */

/* Begin PBXNativeTarget section */
		4D6966AF2134A1F80081D54F /* LocoSet2 */ = {
			isa = PBXNativeTarget;
			buildConfigurationList = 4D6966D82134A1FA0081D54F /* Build configuration list for PBXNativeTarget "LocoSet2" */;
			buildPhases = (
				4D6966AC2134A1F80081D54F /* Sources */,
				4D6966AD2134A1F80081D54F /* Frameworks */,
				4D6966AE2134A1F80081D54F /* Resources */,
			);
			buildRules = (
			);
			dependencies = (
			);
			name = LocoSet2;
			productName = LocoSet2;
			productReference = 4D6966B02134A1F80081D54F /* LocoSet2.app */;
			productType = "com.apple.product-type.application";
		};
		4D6966C32134A1FA0081D54F /* LocoSet2Tests */ = {
			isa = PBXNativeTarget;
			buildConfigurationList = 4D6966DB2134A1FA0081D54F /* Build configuration list for PBXNativeTarget "LocoSet2Tests" */;
			buildPhases = (
				4D6966C02134A1FA0081D54F /* Sources */,
				4D6966C12134A1FA0081D54F /* Frameworks */,
				4D6966C22134A1FA0081D54F /* Resources */,
			);
			buildRules = (
			);
			dependencies = (
				4D6966C62134A1FA0081D54F /* PBXTargetDependency */,
			);
			name = LocoSet2Tests;
			productName = LocoSet2Tests;
			productReference = 4D6966C42134A1FA0081D54F /* LocoSet2Tests.xctest */;
			productType = "com.apple.product-type.bundle.unit-test";
		};
		4D6966CE2134A1FA0081D54F /* LocoSet2UITests */ = {
			isa = PBXNativeTarget;
			buildConfigurationList = 4D6966DE2134A1FA0081D54F /* Build configuration list for PBXNativeTarget "LocoSet2UITests" */;
			buildPhases = (
				4D6966CB2134A1FA0081D54F /* Sources */,
				4D6966CC2134A1FA0081D54F /* Frameworks */,
				4D6966CD2134A1FA0081D54F /* Resources */,
			);
			buildRules = (
			);
			dependencies = (
				4D6966D12134A1FA0081D54F /* PBXTargetDependency */,
			);
			name = LocoSet2UITests;
			productName = LocoSet2UITests;
			productReference = 4D6966CF2134A1FA0081D54F /* LocoSet2UITests.xctest */;
			productType = "com.apple.product-type.bundle.ui-testing";
		};
/* End PBXNativeTarget section */

/* Begin PBXProject section */
		4D6966A82134A1F80081D54F /* Project object */ = {
			isa = PBXProject;
			attributes = {
				LastSwiftUpdateCheck = 0940;
				LastUpgradeCheck = 0940;
				ORGANIZATIONNAME = Mark;
				TargetAttributes = {
					4D6966AF2134A1F80081D54F = {
						CreatedOnToolsVersion = 9.4.1;
					};
					4D6966C32134A1FA0081D54F = {
						CreatedOnToolsVersion = 9.4.1;
						TestTargetID = 4D6966AF2134A1F80081D54F;
					};
					4D6966CE2134A1FA0081D54F = {
						CreatedOnToolsVersion = 9.4.1;
						TestTargetID = 4D6966AF2134A1F80081D54F;
					};
				};
			};
			buildConfigurationList = 4D6966AB2134A1F80081D54F /* Build configuration list for PBXProject "LocoSet2" */;
			compatibilityVersion = "Xcode 9.3";
			developmentRegion = en;
			hasScannedForEncodings = 0;
			knownRegions = (
				en,
				Base,
			);
			mainGroup = 4D6966A72134A1F80081D54F;
			productRefGroup = 4D6966B12134A1F80081D54F /* Products */;
			projectDirPath = "";
			projectRoot = "";
			targets = (
				4D6966AF2134A1F80081D54F /* LocoSet2 */,
				4D6966C32134A1FA0081D54F /* LocoSet2Tests */,
				4D6966CE2134A1FA0081D54F /* LocoSet2UITests */,
			);
		};
/* End PBXProject section */

/* Begin PBXResourcesBuildPhase section */
		4D6966AE2134A1F80081D54F /* Resources */ = {
			isa = PBXResourcesBuildPhase;
			buildActionMask = 2147483647;
			files = (
				4D6966BE2134A1F90081D54F /* LaunchScreen.storyboard in Resources */,
				4D6966BB2134A1F90081D54F /* Assets.xcassets in Resources */,
				4D6966B92134A1F80081D54F /* Main.storyboard in Resources */,
			);
			runOnlyForDeploymentPostprocessing = 0;
		};
		4D6966C22134A1FA0081D54F /* Resources */ = {
			isa = PBXResourcesBuildPhase;
			buildActionMask = 2147483647;
			files = (
			);
			runOnlyForDeploymentPostprocessing = 0;
		};
		4D6966CD2134A1FA0081D54F /* Resources */ = {
			isa = PBXResourcesBuildPhase;
			buildActionMask = 2147483647;
			files = (
			);
			runOnlyForDeploymentPostprocessing = 0;
		};
/* End PBXResourcesBuildPhase section */

/* Begin PBXSourcesBuildPhase section */
		4D6966AC2134A1F80081D54F /* Sources */ = {
			isa = PBXSourcesBuildPhase;
			buildActionMask = 2147483647;
			files = (
				4D6966B62134A1F80081D54F /* ViewController.swift in Sources */,
				4D6966B42134A1F80081D54F /* AppDelegate.swift in Sources */,
			);
			runOnlyForDeploymentPostprocessing = 0;
		};
		4D6966C02134A1FA0081D54F /* Sources */ = {
			isa = PBXSourcesBuildPhase;
			buildActionMask = 2147483647;
			files = (
				4D6966C92134A1FA0081D54F /* LocoSet2Tests.swift in Sources */,
			);
			runOnlyForDeploymentPostprocessing = 0;
		};
		4D6966CB2134A1FA0081D54F /* Sources */ = {
			isa = PBXSourcesBuildPhase;
			buildActionMask = 2147483647;
			files = (
				4D6966D42134A1FA0081D54F /* LocoSet2UITests.swift in Sources */,
			);
			runOnlyForDeploymentPostprocessing = 0;
		};
/* End PBXSourcesBuildPhase section */

/* Begin PBXTargetDependency section */
		4D6966C62134A1FA0081D54F /* PBXTargetDependency */ = {
			isa = PBXTargetDependency;
			target = 4D6966AF2134A1F80081D54F /* LocoSet2 */;
			targetProxy = 4D6966C52134A1FA0081D54F /* PBXContainerItemProxy */;
		};
		4D6966D12134A1FA0081D54F /* PBXTargetDependency */ = {
			isa = PBXTargetDependency;
			target = 4D6966AF2134A1F80081D54F /* LocoSet2 */;
			targetProxy = 4D6966D02134A1FA0081D54F /* PBXContainerItemProxy */;
		};
/* End PBXTargetDependency section */

/* Begin PBXVariantGroup section */
		4D6966B72134A1F80081D54F /* Main.storyboard */ = {
			isa = PBXVariantGroup;
			children = (
				4D6966B82134A1F80081D54F /* Base */,
			);
			name = Main.storyboard;
			sourceTree = "<group>";
		};
		4D6966BC2134A1F90081D54F /* LaunchScreen.storyboard */ = {
			isa = PBXVariantGroup;
			children = (
				4D6966BD2134A1F90081D54F /* Base */,
			);
			name = LaunchScreen.storyboard;
			sourceTree = "<group>";
		};
/* End PBXVariantGroup section */

/* Begin XCBuildConfiguration section */
		4D6966D62134A1FA0081D54F /* Debug */ = {
			isa = XCBuildConfiguration;
			buildSettings = {
				ALWAYS_SEARCH_USER_PATHS = NO;
				CLANG_ANALYZER_NONNULL = YES;
				CLANG_ANALYZER_NUMBER_OBJECT_CONVERSION = YES_AGGRESSIVE;
				CLANG_CXX_LANGUAGE_STANDARD = "gnu++14";
				CLANG_CXX_LIBRARY = "libc++";
				CLANG_ENABLE_MODULES = YES;
				CLANG_ENABLE_OBJC_ARC = YES;
				CLANG_ENABLE_OBJC_WEAK = YES;
				CLANG_WARN_BLOCK_CAPTURE_AUTORELEASING = YES;
				CLANG_WARN_BOOL_CONVERSION = YES;
				CLANG_WARN_COMMA = YES;
				CLANG_WARN_CONSTANT_CONVERSION = YES;
				CLANG_WARN_DEPRECATED_OBJC_IMPLEMENTATIONS = YES;
				CLANG_WARN_DIRECT_OBJC_ISA_USAGE = YES_ERROR;
				CLANG_WARN_DOCUMENTATION_COMMENTS = YES;
				CLANG_WARN_EMPTY_BODY = YES;
				CLANG_WARN_ENUM_CONVERSION = YES;
				CLANG_WARN_INFINITE_RECURSION = YES;
				CLANG_WARN_INT_CONVERSION = YES;
				CLANG_WARN_NON_LITERAL_NULL_CONVERSION = YES;
				CLANG_WARN_OBJC_IMPLICIT_RETAIN_SELF = YES;
				CLANG_WARN_OBJC_LITERAL_CONVERSION = YES;
				CLANG_WARN_OBJC_ROOT_CLASS = YES_ERROR;
				CLANG_WARN_RANGE_LOOP_ANALYSIS = YES;
				CLANG_WARN_STRICT_PROTOTYPES = YES;
				CLANG_WARN_SUSPICIOUS_MOVE = YES;
				CLANG_WARN_UNGUARDED_AVAILABILITY = YES_AGGRESSIVE;
				CLANG_WARN_UNREACHABLE_CODE = YES;
				CLANG_WARN__DUPLICATE_METHOD_MATCH = YES;
				CODE_SIGN_IDENTITY = "iPhone Developer";
				COPY_PHASE_STRIP = NO;
				DEBUG_INFORMATION_FORMAT = dwarf;
				ENABLE_STRICT_OBJC_MSGSEND = YES;
				ENABLE_TESTABILITY = YES;
				GCC_C_LANGUAGE_STANDARD = gnu11;
				GCC_DYNAMIC_NO_PIC = NO;
				GCC_NO_COMMON_BLOCKS = YES;
				GCC_OPTIMIZATION_LEVEL = 0;
				GCC_PREPROCESSOR_DEFINITIONS = (
					"DEBUG=1",
					"$(inherited)",
				);
				GCC_WARN_64_TO_32_BIT_CONVERSION = YES;
				GCC_WARN_ABOUT_RETURN_TYPE = YES_ERROR;
				GCC_WARN_UNDECLARED_SELECTOR = YES;
				GCC_WARN_UNINITIALIZED_AUTOS = YES_AGGRESSIVE;
				GCC_WARN_UNUSED_FUNCTION = YES;
				GCC_WARN_UNUSED_VARIABLE = YES;
				IPHONEOS_DEPLOYMENT_TARGET = 11.4;
				MTL_ENABLE_DEBUG_INFO = YES;
				ONLY_ACTIVE_ARCH = YES;
				SDKROOT = iphoneos;
				SWIFT_ACTIVE_COMPILATION_CONDITIONS = DEBUG;
				SWIFT_OPTIMIZATION_LEVEL = "-Onone";
			};
			name = Debug;
		};
		4D6966D72134A1FA0081D54F /* Release */ = {
			isa = XCBuildConfiguration;
			buildSettings = {
				ALWAYS_SEARCH_USER_PATHS = NO;
				CLANG_ANALYZER_NONNULL = YES;
				CLANG_ANALYZER_NUMBER_OBJECT_CONVERSION = YES_AGGRESSIVE;
				CLANG_CXX_LANGUAGE_STANDARD = "gnu++14";
				CLANG_CXX_LIBRARY = "libc++";
				CLANG_ENABLE_MODULES = YES;
				CLANG_ENABLE_OBJC_ARC = YES;
				CLANG_ENABLE_OBJC_WEAK = YES;
				CLANG_WARN_BLOCK_CAPTURE_AUTORELEASING = YES;
				CLANG_WARN_BOOL_CONVERSION = YES;
				CLANG_WARN_COMMA = YES;
				CLANG_WARN_CONSTANT_CONVERSION = YES;
				CLANG_WARN_DEPRECATED_OBJC_IMPLEMENTATIONS = YES;
				CLANG_WARN_DIRECT_OBJC_ISA_USAGE = YES_ERROR;
				CLANG_WARN_DOCUMENTATION_COMMENTS = YES;
				CLANG_WARN_EMPTY_BODY = YES;
				CLANG_WARN_ENUM_CONVERSION = YES;
				CLANG_WARN_INFINITE_RECURSION = YES;
				CLANG_WARN_INT_CONVERSION = YES;
				CLANG_WARN_NON_LITERAL_NULL_CONVERSION = YES;
				CLANG_WARN_OBJC_IMPLICIT_RETAIN_SELF = YES;
				CLANG_WARN_OBJC_LITERAL_CONVERSION = YES;
				CLANG_WARN_OBJC_ROOT_CLASS = YES_ERROR;
				CLANG_WARN_RANGE_LOOP_ANALYSIS = YES;
				CLANG_WARN_STRICT_PROTOTYPES = YES;
				CLANG_WARN_SUSPICIOUS_MOVE = YES;
				CLANG_WARN_UNGUARDED_AVAILABILITY = YES_AGGRESSIVE;
				CLANG_WARN_UNREACHABLE_CODE = YES;
				CLANG_WARN__DUPLICATE_METHOD_MATCH = YES;
				CODE_SIGN_IDENTITY = "iPhone Developer";
				COPY_PHASE_STRIP = NO;
				DEBUG_INFORMATION_FORMAT = "dwarf-with-dsym";
				ENABLE_NS_ASSERTIONS = NO;
				ENABLE_STRICT_OBJC_MSGSEND = YES;
				GCC_C_LANGUAGE_STANDARD = gnu11;
				GCC_NO_COMMON_BLOCKS = YES;
				GCC_WARN_64_TO_32_BIT_CONVERSION = YES;
				GCC_WARN_ABOUT_RETURN_TYPE = YES_ERROR;
				GCC_WARN_UNDECLARED_SELECTOR = YES;
				GCC_WARN_UNINITIALIZED_AUTOS = YES_AGGRESSIVE;
				GCC_WARN_UNUSED_FUNCTION = YES;
				GCC_WARN_UNUSED_VARIABLE = YES;
				IPHONEOS_DEPLOYMENT_TARGET = 11.4;
				MTL_ENABLE_DEBUG_INFO = NO;
				SDKROOT = iphoneos;
				SWIFT_COMPILATION_MODE = wholemodule;
				SWIFT_OPTIMIZATION_LEVEL = "-O";
				VALIDATE_PRODUCT = YES;
			};
			name = Release;
		};
		4D6966D92134A1FA0081D54F /* Debug */ = {
			isa = XCBuildConfiguration;
			buildSettings = {
				ASSETCATALOG_COMPILER_APPICON_NAME = AppIcon;
				CODE_SIGN_STYLE = Automatic;
				INFOPLIST_FILE = LocoSet2/Info.plist;
				LD_RUNPATH_SEARCH_PATHS = (
					"$(inherited)",
					"@executable_path/Frameworks",
				);
				PRODUCT_BUNDLE_IDENTIFIER = UnityMD.LocoSet2;
				PRODUCT_NAME = "$(TARGET_NAME)";
				SWIFT_VERSION = 4.0;
				TARGETED_DEVICE_FAMILY = "1,2";
			};
			name = Debug;
		};
		4D6966DA2134A1FA0081D54F /* Release */ = {
			isa = XCBuildConfiguration;
			buildSettings = {
				ASSETCATALOG_COMPILER_APPICON_NAME = AppIcon;
				CODE_SIGN_STYLE = Automatic;
				INFOPLIST_FILE = LocoSet2/Info.plist;
				LD_RUNPATH_SEARCH_PATHS = (
					"$(inherited)",
					"@executable_path/Frameworks",
				);
				PRODUCT_BUNDLE_IDENTIFIER = UnityMD.LocoSet2;
				PRODUCT_NAME = "$(TARGET_NAME)";
				SWIFT_VERSION = 4.0;
				TARGETED_DEVICE_FAMILY = "1,2";
			};
			name = Release;
		};
		4D6966DC2134A1FA0081D54F /* Debug */ = {
			isa = XCBuildConfiguration;
			buildSettings = {
				ALWAYS_EMBED_SWIFT_STANDARD_LIBRARIES = YES;
				BUNDLE_LOADER = "$(TEST_HOST)";
				CODE_SIGN_STYLE = Automatic;
				INFOPLIST_FILE = LocoSet2Tests/Info.plist;
				LD_RUNPATH_SEARCH_PATHS = (
					"$(inherited)",
					"@executable_path/Frameworks",
					"@loader_path/Frameworks",
				);
				PRODUCT_BUNDLE_IDENTIFIER = UnityMD.LocoSet2Tests;
				PRODUCT_NAME = "$(TARGET_NAME)";
				SWIFT_VERSION = 4.0;
				TARGETED_DEVICE_FAMILY = "1,2";
				TEST_HOST = "$(BUILT_PRODUCTS_DIR)/LocoSet2.app/LocoSet2";
			};
			name = Debug;
		};
		4D6966DD2134A1FA0081D54F /* Release */ = {
			isa = XCBuildConfiguration;
			buildSettings = {
				ALWAYS_EMBED_SWIFT_STANDARD_LIBRARIES = YES;
				BUNDLE_LOADER = "$(TEST_HOST)";
				CODE_SIGN_STYLE = Automatic;
				INFOPLIST_FILE = LocoSet2Tests/Info.plist;
				LD_RUNPATH_SEARCH_PATHS = (
					"$(inherited)",
					"@executable_path/Frameworks",
					"@loader_path/Frameworks",
				);
				PRODUCT_BUNDLE_IDENTIFIER = UnityMD.LocoSet2Tests;
				PRODUCT_NAME = "$(TARGET_NAME)";
				SWIFT_VERSION = 4.0;
				TARGETED_DEVICE_FAMILY = "1,2";
				TEST_HOST = "$(BUILT_PRODUCTS_DIR)/LocoSet2.app/LocoSet2";
			};
			name = Release;
		};
		4D6966DF2134A1FA0081D54F /* Debug */ = {
			isa = XCBuildConfiguration;
			buildSettings = {
				ALWAYS_EMBED_SWIFT_STANDARD_LIBRARIES = YES;
				CODE_SIGN_STYLE = Automatic;
				INFOPLIST_FILE = LocoSet2UITests/Info.plist;
				LD_RUNPATH_SEARCH_PATHS = (
					"$(inherited)",
					"@executable_path/Frameworks",
					"@loader_path/Frameworks",
				);
				PRODUCT_BUNDLE_IDENTIFIER = UnityMD.LocoSet2UITests;
				PRODUCT_NAME = "$(TARGET_NAME)";
				SWIFT_VERSION = 4.0;
				TARGETED_DEVICE_FAMILY = "1,2";
				TEST_TARGET_NAME = LocoSet2;
			};
			name = Debug;
		};
		4D6966E02134A1FA0081D54F /* Release */ = {
			isa = XCBuildConfiguration;
			buildSettings = {
				ALWAYS_EMBED_SWIFT_STANDARD_LIBRARIES = YES;
				CODE_SIGN_STYLE = Automatic;
				INFOPLIST_FILE = LocoSet2UITests/Info.plist;
				LD_RUNPATH_SEARCH_PATHS = (
					"$(inherited)",
					"@executable_path/Frameworks",
					"@loader_path/Frameworks",
				);
				PRODUCT_BUNDLE_IDENTIFIER = UnityMD.LocoSet2UITests;
				PRODUCT_NAME = "$(TARGET_NAME)";
				SWIFT_VERSION = 4.0;
				TARGETED_DEVICE_FAMILY = "1,2";
				TEST_TARGET_NAME = LocoSet2;
			};
			name = Release;
		};
/* End XCBuildConfiguration section */

/* Begin XCConfigurationList section */
		4D6966AB2134A1F80081D54F /* Build configuration list for PBXProject "LocoSet2" */ = {
			isa = XCConfigurationList;
			buildConfigurations = (
				4D6966D62134A1FA0081D54F /* Debug */,
				4D6966D72134A1FA0081D54F /* Release */,
			);
			defaultConfigurationIsVisible = 0;
			defaultConfigurationName = Release;
		};
		4D6966D82134A1FA0081D54F /* Build configuration list for PBXNativeTarget "LocoSet2" */ = {
			isa = XCConfigurationList;
			buildConfigurations = (
				4D6966D92134A1FA0081D54F /* Debug */,
				4D6966DA2134A1FA0081D54F /* Release */,
			);
			defaultConfigurationIsVisible = 0;
			defaultConfigurationName = Release;
		};
		4D6966DB2134A1FA0081D54F /* Build configuration list for PBXNativeTarget "LocoSet2Tests" */ = {
			isa = XCConfigurationList;
			buildConfigurations = (
				4D6966DC2134A1FA0081D54F /* Debug */,
				4D6966DD2134A1FA0081D54F /* Release */,
			);
			defaultConfigurationIsVisible = 0;
			defaultConfigurationName = Release;
		};
		4D6966DE2134A1FA0081D54F /* Build configuration list for PBXNativeTarget "LocoSet2UITests" */ = {
			isa = XCConfigurationList;
			buildConfigurations = (
				4D6966DF2134A1FA0081D54F /* Debug */,
				4D6966E02134A1FA0081D54F /* Release */,
			);
			defaultConfigurationIsVisible = 0;
			defaultConfigurationName = Release;
		};
/* End XCConfigurationList section */
	};
	rootObject = 4D6966A82134A1F80081D54F /* Project object */;
}
